{
    "_readme": [
        "This file locks the dependencies of your project to a known state",
        "Read more about it at https://getcomposer.org/doc/01-basic-usage.md#composer-lock-the-lock-file",
        "This file is @generated automatically"
    ],
    "content-hash": "8b847e152761cb43c9e7973cb30b3be1",
    "packages": [
        {
            "name": "directus/collection",
            "version": "1.0.0",
            "source": {
                "type": "git",
                "url": "https://github.com/directus/directus-collection.git",
                "reference": "8e53f6ca3d227e9bfc97df92e6a1362cba64d290"
            },
            "dist": {
                "type": "zip",
                "url": "https://api.github.com/repos/directus/directus-collection/zipball/8e53f6ca3d227e9bfc97df92e6a1362cba64d290",
                "reference": "8e53f6ca3d227e9bfc97df92e6a1362cba64d290",
                "shasum": ""
            },
            "require": {
                "php": ">=5.4.0"
            },
            "type": "library",
            "extra": {
                "branch-alias": {
                    "dev-version/6.4": "0.9.x-dev"
                }
            },
            "autoload": {
                "psr-4": {
                    "Directus\\Collection\\": ""
                }
            },
            "notification-url": "https://packagist.org/downloads/",
            "license": [
                "MIT"
            ],
            "description": "Directus Collection Library",
            "keywords": [
                "collection",
                "directus"
            ],
            "time": "2017-04-30T00:36:48+00:00"
        },
        {
            "name": "directus/config",
            "version": "1.0.0",
            "source": {
                "type": "git",
                "url": "https://github.com/directus/directus-config.git",
                "reference": "948b21dc68ca5ba27da8e6f2ead9ed72a2e88245"
            },
            "dist": {
                "type": "zip",
                "url": "https://api.github.com/repos/directus/directus-config/zipball/948b21dc68ca5ba27da8e6f2ead9ed72a2e88245",
                "reference": "948b21dc68ca5ba27da8e6f2ead9ed72a2e88245",
                "shasum": ""
            },
            "require": {
                "directus/collection": "^1.0.0",
                "php": ">=5.4.0"
            },
            "type": "library",
            "extra": {
                "branch-alias": {
                    "dev-version/6.4": "0.9.x-dev"
                }
            },
            "autoload": {
                "psr-4": {
                    "Directus\\Config\\": ""
                }
            },
            "notification-url": "https://packagist.org/downloads/",
            "license": [
                "MIT"
            ],
            "description": "Directus Config Library",
            "keywords": [
                "config",
                "directus"
            ],
            "time": "2017-09-15T19:28:09+00:00"
        },
        {
            "name": "directus/database",
            "version": "1.0.1",
            "source": {
                "type": "git",
                "url": "https://github.com/directus/directus-database.git",
                "reference": "a5eec0de3d3e1a13b21aac1d06ef575236d17909"
            },
            "dist": {
                "type": "zip",
                "url": "https://api.github.com/repos/directus/directus-database/zipball/a5eec0de3d3e1a13b21aac1d06ef575236d17909",
                "reference": "a5eec0de3d3e1a13b21aac1d06ef575236d17909",
                "shasum": ""
            },
            "require": {
                "directus/collection": "^1.0.0",
                "php": ">=5.5.0",
                "zendframework/zend-db": "dev-directus"
            },
            "require-dev": {
                "phpunit/phpunit": "~3.7.0"
            },
            "type": "library",
            "extra": {
                "branch-alias": {
                    "dev-version/6.4": "0.9.x-dev"
                }
            },
            "autoload": {
                "psr-4": {
                    "Directus\\Database\\": ""
                }
            },
            "notification-url": "https://packagist.org/downloads/",
            "license": [
                "MIT"
            ],
            "description": "Directus Database Component",
            "keywords": [
                "database",
                "directus"
            ],
            "time": "2018-04-01T08:59:30+00:00"
        },
        {
            "name": "directus/filesystem",
            "version": "1.1.0",
            "source": {
                "type": "git",
                "url": "https://github.com/directus/directus-filesystem.git",
                "reference": "50d0435d25bb3138b508906622a734f44664aab9"
            },
            "dist": {
                "type": "zip",
                "url": "https://api.github.com/repos/directus/directus-filesystem/zipball/50d0435d25bb3138b508906622a734f44664aab9",
                "reference": "50d0435d25bb3138b508906622a734f44664aab9",
                "shasum": ""
            },
            "require": {
                "league/flysystem": "^1.0",
                "php": ">=5.4.0"
            },
            "type": "library",
            "extra": {
                "branch-alias": {
                    "dev-d64": "0.9.x-dev"
                }
            },
            "autoload": {
                "psr-4": {
                    "Directus\\Filesystem\\": ""
                }
            },
            "notification-url": "https://packagist.org/downloads/",
            "license": [
                "MIT"
            ],
            "description": "Directus Filesystem Library",
            "keywords": [
                "directus",
                "filesystem"
            ],
            "time": "2018-03-24T20:33:42+00:00"
        },
        {
            "name": "directus/hash",
            "version": "1.0.0",
            "source": {
                "type": "git",
                "url": "https://github.com/directus/directus-hash.git",
                "reference": "c068b65a2f400b065f77b301a826f875fcd9abcf"
            },
            "dist": {
                "type": "zip",
                "url": "https://api.github.com/repos/directus/directus-hash/zipball/c068b65a2f400b065f77b301a826f875fcd9abcf",
                "reference": "c068b65a2f400b065f77b301a826f875fcd9abcf",
                "shasum": ""
            },
            "require": {
                "directus/utils": "^1.0.0",
                "php": ">=5.5.0"
            },
            "type": "library",
            "extra": {
                "branch-alias": {
                    "dev-version/6.4": "0.9.x-dev"
                }
            },
            "autoload": {
                "psr-4": {
                    "Directus\\Hash\\": ""
                }
            },
            "notification-url": "https://packagist.org/downloads/",
            "license": [
                "MIT"
            ],
            "description": "Directus Hash Library",
            "keywords": [
                "directus",
                "hash"
            ],
            "time": "2017-09-15T19:28:09+00:00"
        },
        {
            "name": "directus/hook",
            "version": "1.1.0",
            "source": {
                "type": "git",
                "url": "https://github.com/directus/directus-hook.git",
                "reference": "fb47b2064b97943e08f0ddba6c310bfb1f007811"
            },
            "dist": {
                "type": "zip",
                "url": "https://api.github.com/repos/directus/directus-hook/zipball/fb47b2064b97943e08f0ddba6c310bfb1f007811",
                "reference": "fb47b2064b97943e08f0ddba6c310bfb1f007811",
                "shasum": ""
            },
            "require": {
                "php": ">=5.4.0"
            },
            "type": "library",
            "extra": {
                "branch-alias": {
                    "dev-d64": "0.9.x-dev"
                }
            },
            "autoload": {
                "psr-4": {
                    "Directus\\Hook\\": ""
                }
            },
            "notification-url": "https://packagist.org/downloads/",
            "license": [
                "MIT"
            ],
            "description": "Directus Hook Library",
            "keywords": [
                "HOOK",
                "directus",
                "event"
            ],
            "time": "2017-10-31T16:00:09+00:00"
        },
        {
            "name": "directus/permissions",
            "version": "1.1.0",
            "source": {
                "type": "git",
                "url": "https://github.com/directus/directus-permissions.git",
                "reference": "05d3b60bb64389020310bdadcea4fee57623c2a0"
            },
            "dist": {
                "type": "zip",
                "url": "https://api.github.com/repos/directus/directus-permissions/zipball/05d3b60bb64389020310bdadcea4fee57623c2a0",
                "reference": "05d3b60bb64389020310bdadcea4fee57623c2a0",
                "shasum": ""
            },
            "require": {
                "php": ">=5.4.0"
            },
            "type": "library",
            "extra": {
                "branch-alias": {
                    "dev-d64": "0.9.x-dev"
                }
            },
            "autoload": {
                "psr-4": {
                    "Directus\\Permissions\\": ""
                }
            },
            "notification-url": "https://packagist.org/downloads/",
            "license": [
                "MIT"
            ],
            "description": "Directus Permissions (ACL) Library",
            "keywords": [
                "acl",
                "directus",
                "permissions"
            ],
            "time": "2018-02-20T02:22:34+00:00"
        },
        {
            "name": "directus/sdk",
            "version": "1.1.1",
            "source": {
                "type": "git",
                "url": "https://github.com/directus/directus-sdk-php.git",
                "reference": "d52c2e49e86f0f2f362a80cbf0bac10526e142c0"
            },
            "dist": {
                "type": "zip",
                "url": "https://api.github.com/repos/directus/directus-sdk-php/zipball/d52c2e49e86f0f2f362a80cbf0bac10526e142c0",
                "reference": "d52c2e49e86f0f2f362a80cbf0bac10526e142c0",
                "shasum": ""
            },
            "require": {
                "directus/config": "^1.0.0",
                "directus/database": "^1.0.1",
                "directus/filesystem": "^1.1.0",
                "directus/hash": "^1.0.0",
                "directus/hook": "^1.1.0",
                "directus/permissions": "^1.1.0",
                "directus/utils": "^1.1.0",
                "guzzlehttp/guzzle": "~5.3.0 | ^6.0.0",
                "php": ">=5.5.0"
            },
            "require-dev": {
                "phpunit/phpunit": "^5.7.26"
            },
            "type": "library",
            "autoload": {
                "psr-4": {
                    "Directus\\SDK\\": "src/"
                },
                "files": [
                    "src/helpers.php"
                ]
            },
            "notification-url": "https://packagist.org/downloads/",
            "license": [
                "MIT"
            ],
            "description": "Directus SDK for PHP",
            "keywords": [
                "directus",
                "sdk"
            ],
            "time": "2018-04-24T03:19:22+00:00"
        },
        {
            "name": "directus/utils",
            "version": "1.1.0",
            "source": {
                "type": "git",
                "url": "https://github.com/directus/directus-php-utils.git",
                "reference": "7607bf90bb7ce9ee344cbfef6fe4a3566ab4a98c"
            },
            "dist": {
                "type": "zip",
                "url": "https://api.github.com/repos/directus/directus-php-utils/zipball/7607bf90bb7ce9ee344cbfef6fe4a3566ab4a98c",
                "reference": "7607bf90bb7ce9ee344cbfef6fe4a3566ab4a98c",
                "shasum": ""
            },
            "require": {
                "php": ">=5.4.0"
            },
            "type": "library",
            "extra": {
                "branch-alias": {
                    "dev-d64": "0.9.x-dev"
                }
            },
            "autoload": {
                "psr-4": {
                    "Directus\\Util\\": ""
                }
            },
            "notification-url": "https://packagist.org/downloads/",
            "license": [
                "MIT"
            ],
            "description": "Directus Utils",
            "keywords": [
                "directus",
                "helpers",
                "utils"
            ],
            "time": "2018-03-29T10:21:02+00:00"
        },
        {
            "name": "guzzlehttp/guzzle",
            "version": "dev-master",
            "source": {
                "type": "git",
                "url": "https://github.com/guzzle/guzzle.git",
                "reference": "c7faf23816251ca3f35463c55f3178a9b60128fc"
            },
            "dist": {
                "type": "zip",
                "url": "https://api.github.com/repos/guzzle/guzzle/zipball/c7faf23816251ca3f35463c55f3178a9b60128fc",
                "reference": "c7faf23816251ca3f35463c55f3178a9b60128fc",
                "shasum": ""
            },
            "require": {
                "guzzlehttp/promises": "^1.0",
                "guzzlehttp/psr7": "^1.4",
                "php": ">=5.5"
            },
            "require-dev": {
                "ext-curl": "*",
                "phpunit/phpunit": "^4.8.35 || ^5.7 || ^6.4 || ^7.0",
                "psr/log": "^1.0"
            },
            "suggest": {
                "psr/log": "Required for using the Log middleware"
            },
            "type": "library",
            "extra": {
                "branch-alias": {
                    "dev-master": "6.3-dev"
                }
            },
            "autoload": {
                "files": [
                    "src/functions_include.php"
                ],
                "psr-4": {
                    "GuzzleHttp\\": "src/"
                }
            },
            "notification-url": "https://packagist.org/downloads/",
            "license": [
                "MIT"
            ],
            "authors": [
                {
                    "name": "Michael Dowling",
                    "email": "mtdowling@gmail.com",
                    "homepage": "https://github.com/mtdowling"
                }
            ],
            "description": "Guzzle is a PHP HTTP client library",
            "homepage": "http://guzzlephp.org/",
            "keywords": [
                "client",
                "curl",
                "framework",
                "http",
                "http client",
                "rest",
                "web service"
            ],
            "time": "2018-09-12T15:59:05+00:00"
        },
        {
            "name": "guzzlehttp/promises",
            "version": "dev-master",
            "source": {
                "type": "git",
                "url": "https://github.com/guzzle/promises.git",
                "reference": "136531aa4e42f9b1971a47fb0faf60da00d2fefa"
            },
            "dist": {
                "type": "zip",
                "url": "https://api.github.com/repos/guzzle/promises/zipball/136531aa4e42f9b1971a47fb0faf60da00d2fefa",
                "reference": "136531aa4e42f9b1971a47fb0faf60da00d2fefa",
                "shasum": ""
            },
            "require": {
                "php": ">=5.5.0"
            },
            "require-dev": {
                "phpunit/phpunit": "^4.8.36"
            },
            "type": "library",
            "extra": {
                "branch-alias": {
                    "dev-master": "1.4-dev"
                }
            },
            "autoload": {
                "psr-4": {
                    "GuzzleHttp\\Promise\\": "src/"
                },
                "files": [
                    "src/functions_include.php"
                ]
            },
            "notification-url": "https://packagist.org/downloads/",
            "license": [
                "MIT"
            ],
            "authors": [
                {
                    "name": "Michael Dowling",
                    "email": "mtdowling@gmail.com",
                    "homepage": "https://github.com/mtdowling"
                }
            ],
            "description": "Guzzle promises library",
            "keywords": [
                "promise"
            ],
            "time": "2018-03-25T01:26:01+00:00"
        },
        {
            "name": "guzzlehttp/psr7",
            "version": "dev-master",
            "source": {
                "type": "git",
                "url": "https://github.com/guzzle/psr7.git",
                "reference": "4b981cdeb8c13d22a6c193554f8c686f53d5c958"
            },
            "dist": {
                "type": "zip",
                "url": "https://api.github.com/repos/guzzle/psr7/zipball/4b981cdeb8c13d22a6c193554f8c686f53d5c958",
                "reference": "4b981cdeb8c13d22a6c193554f8c686f53d5c958",
                "shasum": ""
            },
            "require": {
                "php": ">=5.4.0",
                "psr/http-message": "~1.0",
                "ralouphie/getallheaders": "^2.0.5"
            },
            "provide": {
                "psr/http-message-implementation": "1.0"
            },
            "require-dev": {
                "phpunit/phpunit": "~4.8.36 || ^5.7.27 || ^6.5.8"
            },
            "type": "library",
            "extra": {
                "branch-alias": {
                    "dev-master": "1.5-dev"
                }
            },
            "autoload": {
                "psr-4": {
                    "GuzzleHttp\\Psr7\\": "src/"
                },
                "files": [
                    "src/functions_include.php"
                ]
            },
            "notification-url": "https://packagist.org/downloads/",
            "license": [
                "MIT"
            ],
            "authors": [
                {
                    "name": "Michael Dowling",
                    "email": "mtdowling@gmail.com",
                    "homepage": "https://github.com/mtdowling"
                },
                {
                    "name": "Tobias Schultze",
                    "homepage": "https://github.com/Tobion"
                }
            ],
            "description": "PSR-7 message implementation that also provides common utility methods",
            "keywords": [
                "http",
                "message",
                "request",
                "response",
                "stream",
                "uri",
                "url"
            ],
            "time": "2018-07-29T08:09:46+00:00"
        },
        {
            "name": "league/flysystem",
            "version": "dev-master",
            "source": {
                "type": "git",
                "url": "https://github.com/thephpleague/flysystem.git",
                "reference": "a11e4a75f256bdacf99d20780ce42d3b8272975c"
            },
            "dist": {
                "type": "zip",
                "url": "https://api.github.com/repos/thephpleague/flysystem/zipball/a11e4a75f256bdacf99d20780ce42d3b8272975c",
                "reference": "a11e4a75f256bdacf99d20780ce42d3b8272975c",
                "shasum": ""
            },
            "require": {
                "ext-fileinfo": "*",
                "php": ">=5.5.9"
            },
            "conflict": {
                "league/flysystem-sftp": "<1.0.6"
            },
            "require-dev": {
                "phpspec/phpspec": "^3.4",
                "phpunit/phpunit": "^5.7.10"
            },
            "suggest": {
                "ext-fileinfo": "Required for MimeType",
                "ext-ftp": "Allows you to use FTP server storage",
                "ext-openssl": "Allows you to use FTPS server storage",
                "league/flysystem-aws-s3-v2": "Allows you to use S3 storage with AWS SDK v2",
                "league/flysystem-aws-s3-v3": "Allows you to use S3 storage with AWS SDK v3",
                "league/flysystem-azure": "Allows you to use Windows Azure Blob storage",
                "league/flysystem-cached-adapter": "Flysystem adapter decorator for metadata caching",
                "league/flysystem-eventable-filesystem": "Allows you to use EventableFilesystem",
                "league/flysystem-rackspace": "Allows you to use Rackspace Cloud Files",
                "league/flysystem-sftp": "Allows you to use SFTP server storage via phpseclib",
                "league/flysystem-webdav": "Allows you to use WebDAV storage",
                "league/flysystem-ziparchive": "Allows you to use ZipArchive adapter",
                "spatie/flysystem-dropbox": "Allows you to use Dropbox storage",
                "srmklive/flysystem-dropbox-v2": "Allows you to use Dropbox storage for PHP 5 applications"
            },
            "type": "library",
            "extra": {
                "branch-alias": {
                    "dev-master": "1.1-dev"
                }
            },
            "autoload": {
                "psr-4": {
                    "League\\Flysystem\\": "src/"
                }
            },
            "notification-url": "https://packagist.org/downloads/",
            "license": [
                "MIT"
            ],
            "authors": [
                {
                    "name": "Frank de Jonge",
                    "email": "info@frenky.net"
                }
            ],
            "description": "Filesystem abstraction: Many filesystems, one API.",
            "keywords": [
                "Cloud Files",
                "WebDAV",
                "abstraction",
                "aws",
                "cloud",
                "copy.com",
                "dropbox",
                "file systems",
                "files",
                "filesystem",
                "filesystems",
                "ftp",
                "rackspace",
                "remote",
                "s3",
                "sftp",
                "storage"
            ],
            "time": "2018-09-14T15:30:29+00:00"
        },
        {
            "name": "mustangostang/spyc",
            "version": "dev-master",
            "source": {
                "type": "git",
                "url": "https://github.com/mustangostang/spyc.git",
                "reference": "576c42ecbc9630b52a95da3279f07278572c6b15"
            },
            "dist": {
                "type": "zip",
                "url": "https://api.github.com/repos/mustangostang/spyc/zipball/576c42ecbc9630b52a95da3279f07278572c6b15",
                "reference": "576c42ecbc9630b52a95da3279f07278572c6b15",
                "shasum": ""
            },
            "require": {
                "php": ">=5.3.1"
            },
            "require-dev": {
                "phpunit/phpunit": "4.3.*@dev"
            },
            "type": "library",
            "extra": {
                "branch-alias": {
                    "dev-master": "0.5.x-dev"
                }
            },
            "autoload": {
                "files": [
                    "Spyc.php"
                ]
            },
            "notification-url": "https://packagist.org/downloads/",
            "license": [
                "MIT"
            ],
            "authors": [
                {
                    "name": "mustangostang",
                    "email": "vlad.andersen@gmail.com"
                }
            ],
            "description": "A simple YAML loader/dumper class for PHP",
            "homepage": "https://github.com/mustangostang/spyc/",
            "keywords": [
                "spyc",
                "yaml",
                "yml"
            ],
            "time": "2017-07-23T16:38:44+00:00"
        },
        {
            "name": "phpfastcache/phpfastcache",
            "version": "dev-master",
            "source": {
                "type": "git",
                "url": "https://github.com/PHPSocialNetwork/phpfastcache.git",
                "reference": "99c69c9bd7cae7c1c5b153673eaedee974904597"
            },
            "dist": {
                "type": "zip",
                "url": "https://api.github.com/repos/PHPSocialNetwork/phpfastcache/zipball/99c69c9bd7cae7c1c5b153673eaedee974904597",
                "reference": "99c69c9bd7cae7c1c5b153673eaedee974904597",
                "shasum": ""
            },
            "require": {
                "ext-json": "*",
                "ext-mbstring": "*",
                "php": ">=7.0",
                "psr/cache": "~1.0.0",
                "psr/simple-cache": "~1.0.0"
            },
            "conflict": {
                "basho/riak": "*",
                "doctrine/couchdb": "*"
            },
            "suggest": {
                "ext-apc": "*",
                "ext-couchbase": "*",
                "ext-intl": "*",
                "ext-leveldb": "*",
                "ext-memcache": "*",
                "ext-memcached": "*",
                "ext-redis": "*",
                "ext-sqlite": "*",
                "ext-wincache": "*",
                "ext-xcache": "*",
                "mongodb/mongodb": "^1.1",
                "phpfastcache/couchdb": "~1.0.0",
                "phpfastcache/phpssdb": "~1.0.0",
                "phpfastcache/riak-client": "~1.4.4",
                "predis/predis": "~1.1.0"
            },
            "type": "library",
            "autoload": {
                "psr-4": {
                    "Phpfastcache\\": "lib/Phpfastcache/"
                }
            },
            "notification-url": "https://packagist.org/downloads/",
            "license": [
                "MIT"
            ],
            "authors": [
                {
                    "name": "Georges.L",
                    "email": "contact@geolim4.com",
                    "homepage": "https://github.com/Geolim4",
                    "role": "Actual Project Manager/Developer"
                },
                {
                    "name": "Khoa Bui",
                    "email": "khoaofgod@gmail.com",
                    "homepage": "https://www.phpfastcache.com",
                    "role": "Former Project Developer/Original Creator"
                }
            ],
            "description": "PHP Abstract Cache Class - Reduce your database call using cache system. PhpFastCache handles a lot of drivers such as Apc(u), Cassandra, CouchBase, Couchdb, Mongodb, Files, (P)redis, Leveldb, Memcache(d), Ssdb, Sqlite, Wincache, Xcache, Zend Data Cache.",
            "homepage": "https://www.phpfastcache.com",
            "keywords": [
                "LevelDb",
                "abstract",
                "apc",
                "apcu",
                "cache",
                "cache class",
                "caching",
                "cassandra",
                "cookie",
                "couchbase",
                "couchdb",
                "files cache",
                "memcache",
                "memcached",
                "mongodb",
                "mysql cache",
                "pdo cache",
                "php cache",
                "predis",
                "redis",
                "ssdb",
                "wincache",
                "xcache",
                "zend",
                "zend data cache",
                "zend disk cache",
                "zend memory cache",
                "zend server"
            ],
            "time": "2018-09-10T20:08:02+00:00"
        },
        {
            "name": "piwik/device-detector",
            "version": "3.11.1",
            "source": {
                "type": "git",
                "url": "https://github.com/matomo-org/device-detector.git",
                "reference": "0ec14d28cbf71c48b21697e65b892cfd8c3ca519"
            },
            "dist": {
                "type": "zip",
                "url": "https://api.github.com/repos/matomo-org/device-detector/zipball/0ec14d28cbf71c48b21697e65b892cfd8c3ca519",
                "reference": "0ec14d28cbf71c48b21697e65b892cfd8c3ca519",
                "shasum": ""
            },
            "require": {
                "mustangostang/spyc": "*",
                "php": ">=5.3.2"
            },
            "require-dev": {
                "fabpot/php-cs-fixer": "~1.7",
                "matthiasmullie/scrapbook": "@stable",
                "phpunit/phpunit": "^4.8.36",
                "psr/cache": "^1.0",
                "psr/simple-cache": "^1.0"
            },
            "suggest": {
                "doctrine/cache": "Can directly be used for caching purpose"
            },
            "type": "library",
            "autoload": {
                "psr-4": {
                    "DeviceDetector\\": ""
                }
            },
            "notification-url": "https://packagist.org/downloads/",
            "license": [
                "LGPL-3.0-or-later"
            ],
            "authors": [
                {
                    "name": "The Matomo Team",
                    "email": "hello@matomo.org",
                    "homepage": "https://matomo.org/team/"
                }
            ],
            "description": "The Universal Device Detection library, that parses User Agents and detects devices (desktop, tablet, mobile, tv, cars, console, etc.), clients (browsers, media players, mobile apps, feed readers, libraries, etc), operating systems, devices, brands and models.",
            "homepage": "https://matomo.org",
            "keywords": [
                "devicedetection",
                "parser",
                "useragent"
            ],
            "time": "2018-08-10T18:28:32+00:00"
        },
        {
            "name": "psr/cache",
            "version": "dev-master",
            "source": {
                "type": "git",
                "url": "https://github.com/php-fig/cache.git",
                "reference": "78c5a01ddbf11cf731f1338a4f5aba23b14d5b47"
            },
            "dist": {
                "type": "zip",
                "url": "https://api.github.com/repos/php-fig/cache/zipball/78c5a01ddbf11cf731f1338a4f5aba23b14d5b47",
                "reference": "78c5a01ddbf11cf731f1338a4f5aba23b14d5b47",
                "shasum": ""
            },
            "require": {
                "php": ">=5.3.0"
            },
            "type": "library",
            "extra": {
                "branch-alias": {
                    "dev-master": "1.0.x-dev"
                }
            },
            "autoload": {
                "psr-4": {
                    "Psr\\Cache\\": "src/"
                }
            },
            "notification-url": "https://packagist.org/downloads/",
            "license": [
                "MIT"
            ],
            "authors": [
                {
                    "name": "PHP-FIG",
                    "homepage": "http://www.php-fig.org/"
                }
            ],
            "description": "Common interface for caching libraries",
            "keywords": [
                "cache",
                "psr",
                "psr-6"
            ],
            "time": "2016-10-13T14:48:10+00:00"
        },
        {
            "name": "psr/http-message",
            "version": "dev-master",
            "source": {
                "type": "git",
                "url": "https://github.com/php-fig/http-message.git",
                "reference": "f6561bf28d520154e4b0ec72be95418abe6d9363"
            },
            "dist": {
                "type": "zip",
                "url": "https://api.github.com/repos/php-fig/http-message/zipball/f6561bf28d520154e4b0ec72be95418abe6d9363",
                "reference": "f6561bf28d520154e4b0ec72be95418abe6d9363",
                "shasum": ""
            },
            "require": {
                "php": ">=5.3.0"
            },
            "type": "library",
            "extra": {
                "branch-alias": {
                    "dev-master": "1.0.x-dev"
                }
            },
            "autoload": {
                "psr-4": {
                    "Psr\\Http\\Message\\": "src/"
                }
            },
            "notification-url": "https://packagist.org/downloads/",
            "license": [
                "MIT"
            ],
            "authors": [
                {
                    "name": "PHP-FIG",
                    "homepage": "http://www.php-fig.org/"
                }
            ],
            "description": "Common interface for HTTP messages",
            "homepage": "https://github.com/php-fig/http-message",
            "keywords": [
                "http",
                "http-message",
                "psr",
                "psr-7",
                "request",
                "response"
            ],
            "time": "2016-08-06T14:39:51+00:00"
        },
        {
            "name": "psr/simple-cache",
            "version": "dev-master",
            "source": {
                "type": "git",
                "url": "https://github.com/php-fig/simple-cache.git",
                "reference": "408d5eafb83c57f6365a3ca330ff23aa4a5fa39b"
            },
            "dist": {
                "type": "zip",
                "url": "https://api.github.com/repos/php-fig/simple-cache/zipball/408d5eafb83c57f6365a3ca330ff23aa4a5fa39b",
                "reference": "408d5eafb83c57f6365a3ca330ff23aa4a5fa39b",
                "shasum": ""
            },
            "require": {
                "php": ">=5.3.0"
            },
            "type": "library",
            "extra": {
                "branch-alias": {
                    "dev-master": "1.0.x-dev"
                }
            },
            "autoload": {
                "psr-4": {
                    "Psr\\SimpleCache\\": "src/"
                }
            },
            "notification-url": "https://packagist.org/downloads/",
            "license": [
                "MIT"
            ],
            "authors": [
                {
                    "name": "PHP-FIG",
                    "homepage": "http://www.php-fig.org/"
                }
            ],
            "description": "Common interfaces for simple caching",
            "keywords": [
                "cache",
                "caching",
                "psr",
                "psr-16",
                "simple-cache"
            ],
            "time": "2017-10-23T01:57:42+00:00"
        },
        {
            "name": "ralouphie/getallheaders",
            "version": "2.0.5",
            "source": {
                "type": "git",
                "url": "https://github.com/ralouphie/getallheaders.git",
                "reference": "5601c8a83fbba7ef674a7369456d12f1e0d0eafa"
            },
            "dist": {
                "type": "zip",
                "url": "https://api.github.com/repos/ralouphie/getallheaders/zipball/5601c8a83fbba7ef674a7369456d12f1e0d0eafa",
                "reference": "5601c8a83fbba7ef674a7369456d12f1e0d0eafa",
                "shasum": ""
            },
            "require": {
                "php": ">=5.3"
            },
            "require-dev": {
                "phpunit/phpunit": "~3.7.0",
                "satooshi/php-coveralls": ">=1.0"
            },
            "type": "library",
            "autoload": {
                "files": [
                    "src/getallheaders.php"
                ]
            },
            "notification-url": "https://packagist.org/downloads/",
            "license": [
                "MIT"
            ],
            "authors": [
                {
                    "name": "Ralph Khattar",
                    "email": "ralph.khattar@gmail.com"
                }
            ],
            "description": "A polyfill for getallheaders.",
            "time": "2016-02-11T07:05:27+00:00"
        },
        {
            "name": "stripe/stripe-php",
            "version": "v2.3.0",
            "source": {
                "type": "git",
                "url": "https://github.com/stripe/stripe-php.git",
                "reference": "9d76444550a09a6f9c55dd98113ba0901908e60a"
            },
            "dist": {
                "type": "zip",
                "url": "https://api.github.com/repos/stripe/stripe-php/zipball/9d76444550a09a6f9c55dd98113ba0901908e60a",
                "reference": "9d76444550a09a6f9c55dd98113ba0901908e60a",
                "shasum": ""
            },
            "require": {
                "ext-curl": "*",
                "ext-json": "*",
                "ext-mbstring": "*",
                "php": ">=5.3.3"
            },
            "require-dev": {
                "phpunit/phpunit": "~4.0",
                "satooshi/php-coveralls": "~0.6.1",
                "squizlabs/php_codesniffer": "~2.0"
            },
            "type": "library",
            "extra": {
                "branch-alias": {
                    "dev-master": "2.0-dev"
                }
            },
            "autoload": {
                "psr-4": {
                    "Stripe\\": "lib/"
                }
            },
            "notification-url": "https://packagist.org/downloads/",
            "license": [
                "MIT"
            ],
            "authors": [
                {
                    "name": "Stripe and contributors",
                    "homepage": "https://github.com/stripe/stripe-php/contributors"
                }
            ],
            "description": "Stripe PHP Library",
            "homepage": "https://stripe.com/",
            "keywords": [
                "api",
                "payment processing",
                "stripe"
            ],
            "time": "2015-07-07T01:13:32+00:00"
        },
        {
            "name": "symfony/polyfill-ctype",
            "version": "dev-master",
            "source": {
                "type": "git",
                "url": "https://github.com/symfony/polyfill-ctype.git",
                "reference": "e3d826245268269cd66f8326bd8bc066687b4a19"
            },
            "dist": {
                "type": "zip",
                "url": "https://api.github.com/repos/symfony/polyfill-ctype/zipball/e3d826245268269cd66f8326bd8bc066687b4a19",
                "reference": "e3d826245268269cd66f8326bd8bc066687b4a19",
                "shasum": ""
            },
            "require": {
                "php": ">=5.3.3"
            },
            "suggest": {
                "ext-ctype": "For best performance"
            },
            "type": "library",
            "extra": {
                "branch-alias": {
                    "dev-master": "1.9-dev"
                }
            },
            "autoload": {
                "psr-4": {
                    "Symfony\\Polyfill\\Ctype\\": ""
                },
                "files": [
                    "bootstrap.php"
                ]
            },
            "notification-url": "https://packagist.org/downloads/",
            "license": [
                "MIT"
            ],
            "authors": [
                {
                    "name": "Symfony Community",
                    "homepage": "https://symfony.com/contributors"
                },
                {
                    "name": "Gert de Pagter",
                    "email": "BackEndTea@gmail.com"
                }
            ],
            "description": "Symfony polyfill for ctype functions",
            "homepage": "https://symfony.com",
            "keywords": [
                "compatibility",
                "ctype",
                "polyfill",
                "portable"
            ],
            "time": "2018-08-06T14:22:27+00:00"
        },
        {
            "name": "symfony/polyfill-mbstring",
            "version": "dev-master",
            "source": {
                "type": "git",
                "url": "https://github.com/symfony/polyfill-mbstring.git",
                "reference": "c79c051f5b3a46be09205c73b80b346e4153e494"
            },
            "dist": {
                "type": "zip",
                "url": "https://api.github.com/repos/symfony/polyfill-mbstring/zipball/c79c051f5b3a46be09205c73b80b346e4153e494",
                "reference": "c79c051f5b3a46be09205c73b80b346e4153e494",
                "shasum": ""
            },
            "require": {
                "php": ">=5.3.3"
            },
            "suggest": {
                "ext-mbstring": "For best performance"
            },
            "type": "library",
            "extra": {
                "branch-alias": {
                    "dev-master": "1.9-dev"
                }
            },
            "autoload": {
                "psr-4": {
                    "Symfony\\Polyfill\\Mbstring\\": ""
                },
                "files": [
                    "bootstrap.php"
                ]
            },
            "notification-url": "https://packagist.org/downloads/",
            "license": [
                "MIT"
            ],
            "authors": [
                {
                    "name": "Nicolas Grekas",
                    "email": "p@tchwork.com"
                },
                {
                    "name": "Symfony Community",
                    "homepage": "https://symfony.com/contributors"
                }
            ],
            "description": "Symfony polyfill for the Mbstring extension",
            "homepage": "https://symfony.com",
            "keywords": [
                "compatibility",
                "mbstring",
                "polyfill",
                "portable",
                "shim"
            ],
            "time": "2018-09-21T13:07:52+00:00"
        },
        {
            "name": "twig/twig",
            "version": "2.x-dev",
            "source": {
                "type": "git",
                "url": "https://github.com/twigphp/Twig.git",
                "reference": "c8020aa5d848fcb934b047d85304544b174a95a7"
            },
            "dist": {
                "type": "zip",
                "url": "https://api.github.com/repos/twigphp/Twig/zipball/c8020aa5d848fcb934b047d85304544b174a95a7",
                "reference": "c8020aa5d848fcb934b047d85304544b174a95a7",
                "shasum": ""
            },
            "require": {
                "php": "^7.0",
                "symfony/polyfill-ctype": "^1.8",
                "symfony/polyfill-mbstring": "^1.3"
            },
            "require-dev": {
                "psr/container": "^1.0",
                "symfony/debug": "^2.7",
                "symfony/phpunit-bridge": "^3.3"
            },
            "type": "library",
            "extra": {
                "branch-alias": {
                    "dev-master": "2.6-dev"
                }
            },
            "autoload": {
                "psr-0": {
                    "Twig_": "lib/"
                },
                "psr-4": {
                    "Twig\\": "src/"
                }
            },
            "notification-url": "https://packagist.org/downloads/",
            "license": [
                "BSD-3-Clause"
            ],
            "authors": [
                {
                    "name": "Fabien Potencier",
                    "email": "fabien@symfony.com",
                    "homepage": "http://fabien.potencier.org",
                    "role": "Lead Developer"
                },
                {
                    "name": "Armin Ronacher",
                    "email": "armin.ronacher@active-4.com",
                    "role": "Project Founder"
                },
                {
                    "name": "Twig Team",
                    "homepage": "https://twig.symfony.com/contributors",
                    "role": "Contributors"
                }
            ],
            "description": "Twig, the flexible, fast, and secure template language for PHP",
            "homepage": "https://twig.symfony.com",
            "keywords": [
                "templating"
            ],
            "time": "2018-10-12T12:54:33+00:00"
        },
        {
            "name": "zendframework/zend-db",
            "version": "dev-directus",
            "source": {
                "type": "git",
                "url": "https://github.com/wellingguzman/zend-db",
                "reference": "ef55371343a85e5cd0937d0ab9d30da7e86f5ab3"
            },
            "require": {
                "php": "^5.6 || ^7.0",
                "zendframework/zend-stdlib": "^2.7 || ^3.0"
            },
            "require-dev": {
                "phpunit/phpunit": "^5.7.25 || ^6.4.4",
                "zendframework/zend-coding-standard": "~1.0.0",
                "zendframework/zend-eventmanager": "^2.6.2 || ^3.0",
                "zendframework/zend-hydrator": "^1.1 || ^2.1",
                "zendframework/zend-servicemanager": "^2.7.5 || ^3.0.3"
            },
            "suggest": {
                "zendframework/zend-eventmanager": "Zend\\EventManager component",
                "zendframework/zend-hydrator": "Zend\\Hydrator component for using HydratingResultSets",
                "zendframework/zend-servicemanager": "Zend\\ServiceManager component"
            },
            "type": "library",
            "extra": {
                "branch-alias": {
                    "dev-master": "2.9-dev",
                    "dev-develop": "2.10-dev"
                },
                "zf": {
                    "component": "Zend\\Db",
                    "config-provider": "Zend\\Db\\ConfigProvider"
                }
            },
            "autoload": {
                "psr-4": {
                    "Zend\\Db\\": "src/"
                }
            },
            "autoload-dev": {
                "files": [
                    "test/autoload.php"
                ],
                "psr-4": {
                    "ZendTest\\Db\\": "test/"
                }
            },
            "scripts": {
                "check": [
                    "@cs-check",
                    "@test"
                ],
                "cs-check": [
                    "phpcs"
                ],
                "cs-fix": [
                    "phpcbf"
                ],
                "test": [
                    "phpunit --colors=always"
                ],
                "test-coverage": [
                    "phpunit --colors=always --coverage-clover clover.xml"
                ],
                "upload-coverage": [
                    "coveralls -v"
                ]
            },
            "license": [
                "BSD-3-Clause"
            ],
            "description": "Database abstraction layer, SQL abstraction, result set abstraction, and RowDataGateway and TableDataGateway implementations",
            "keywords": [
                "db",
                "zendframework",
                "zf"
            ],
            "support": {
                "docs": "https://docs.zendframework.com/zend-db/",
                "issues": "https://github.com/zendframework/zend-db/issues",
                "source": "https://github.com/zendframework/zend-db",
                "rss": "https://github.com/zendframework/zend-db/releases.atom",
                "slack": "https://zendframework-slack.herokuapp.com",
                "forum": "https://discourse.zendframework.com/c/questions/components"
            },
            "time": "2018-04-05T21:56:49+00:00"
        },
        {
            "name": "zendframework/zend-stdlib",
            "version": "dev-develop",
            "source": {
                "type": "git",
                "url": "https://github.com/zendframework/zend-stdlib.git",
                "reference": "89a6fb821c11ba790ea2e123559ba1432596be39"
            },
            "dist": {
                "type": "zip",
                "url": "https://api.github.com/repos/zendframework/zend-stdlib/zipball/89a6fb821c11ba790ea2e123559ba1432596be39",
                "reference": "89a6fb821c11ba790ea2e123559ba1432596be39",
                "shasum": ""
            },
            "require": {
                "php": "^5.6 || ^7.0"
            },
            "require-dev": {
                "phpbench/phpbench": "^0.13",
                "phpunit/phpunit": "^5.7.27 || ^6.5.8 || ^7.1.2",
                "zendframework/zend-coding-standard": "~1.0.0"
            },
            "type": "library",
            "extra": {
                "branch-alias": {
                    "dev-master": "3.2.x-dev",
                    "dev-develop": "3.3.x-dev"
                }
            },
            "autoload": {
                "psr-4": {
                    "Zend\\Stdlib\\": "src/"
                }
            },
            "notification-url": "https://packagist.org/downloads/",
            "license": [
                "BSD-3-Clause"
            ],
            "description": "SPL extensions, array utilities, error handlers, and more",
            "keywords": [
                "ZendFramework",
                "stdlib",
                "zf"
            ],
            "time": "2018-08-29T10:55:46+00:00"
        }
    ],
    "packages-dev": [],
    "aliases": [],
    "minimum-stability": "dev",
    "stability-flags": {
        "phpfastcache/phpfastcache": 20,
        "stripe/stripe-php": 20
    },
    "prefer-stable": false,
    "prefer-lowest": false,
    "platform": [],
    "platform-dev": []
}
